
Microsoft Visual Studio Solution File, Format Version 12.00
# Visual Studio 15
VisualStudioVersion = 15.0.28307.421
MinimumVisualStudioVersion = 10.0.40219.1
Project("{FAE04EC0-301F-11D3-BF4B-00C04F79EFBC}") = "web.HES", "web.HES\web.HES.csproj", "{A415E6E0-C479-40CA-B885-92077247C299}"
EndProject
Global
	GlobalSection(SolutionConfigurationPlatforms) = preSolution
		Debug|Any CPU = Debug|Any CPU
		Release|Any CPU = Release|Any CPU
	EndGlobalSection
	GlobalSection(ProjectConfigurationPlatforms) = postSolution
		{A415E6E0-C479-40CA-B885-92077247C299}.Debug|Any CPU.ActiveCfg = Debug|Any CPU
		{A415E6E0-C479-40CA-B885-92077247C299}.Debug|Any CPU.Build.0 = Debug|Any CPU
		{A415E6E0-C479-40CA-B885-92077247C299}.Release|Any CPU.ActiveCfg = Release|Any CPU
		{A415E6E0-C479-40CA-B885-92077247C299}.Release|Any CPU.Build.0 = Release|Any CPU
	EndGlobalSection
	GlobalSection(SolutionProperties) = preSolution
		HideSolutionNode = FALSE
	EndGlobalSection
	GlobalSection(ExtensibilityGlobals) = postSolution
		SolutionGuid = {5FE825DE-062A-4A89-B7A2-4BBD86E6D43A}
	EndGlobalSection
EndGlobal
