
Microsoft Visual Studio Solution File, Format Version 12.00
# Visual Studio 15
VisualStudioVersion = 15.0.28307.421
MinimumVisualStudioVersion = 10.0.40219.1
Project("{9A19103F-16F7-4668-BE54-9A1E7A4F7556}") = "web.HES", "web.HES\web.HES.csproj", "{A415E6E0-C479-40CA-B885-92077247C299}"
EndProject
Project("{9A19103F-16F7-4668-BE54-9A1E7A4F7556}") = "Communication", "..\win.SDK\Communication\Communication.csproj", "{5C3F2FF4-9D93-45BE-8DA2-294A9EBD2A24}"
EndProject
Global
	GlobalSection(SolutionConfigurationPlatforms) = preSolution
		Debug|Any CPU = Debug|Any CPU
		Debug|x64 = Debug|x64
		Release|Any CPU = Release|Any CPU
		Release|x64 = Release|x64
	EndGlobalSection
	GlobalSection(ProjectConfigurationPlatforms) = postSolution
		{A415E6E0-C479-40CA-B885-92077247C299}.Debug|Any CPU.ActiveCfg = Debug|Any CPU
		{A415E6E0-C479-40CA-B885-92077247C299}.Debug|Any CPU.Build.0 = Debug|Any CPU
		{A415E6E0-C479-40CA-B885-92077247C299}.Debug|x64.ActiveCfg = Debug|Any CPU
		{A415E6E0-C479-40CA-B885-92077247C299}.Debug|x64.Build.0 = Debug|Any CPU
		{A415E6E0-C479-40CA-B885-92077247C299}.Release|Any CPU.ActiveCfg = Release|Any CPU
		{A415E6E0-C479-40CA-B885-92077247C299}.Release|Any CPU.Build.0 = Release|Any CPU
		{A415E6E0-C479-40CA-B885-92077247C299}.Release|x64.ActiveCfg = Release|Any CPU
		{A415E6E0-C479-40CA-B885-92077247C299}.Release|x64.Build.0 = Release|Any CPU
		{5C3F2FF4-9D93-45BE-8DA2-294A9EBD2A24}.Debug|Any CPU.ActiveCfg = Debug|Any CPU
		{5C3F2FF4-9D93-45BE-8DA2-294A9EBD2A24}.Debug|Any CPU.Build.0 = Debug|Any CPU
		{5C3F2FF4-9D93-45BE-8DA2-294A9EBD2A24}.Debug|x64.ActiveCfg = Debug|x64
		{5C3F2FF4-9D93-45BE-8DA2-294A9EBD2A24}.Debug|x64.Build.0 = Debug|x64
		{5C3F2FF4-9D93-45BE-8DA2-294A9EBD2A24}.Release|Any CPU.ActiveCfg = Release|Any CPU
		{5C3F2FF4-9D93-45BE-8DA2-294A9EBD2A24}.Release|Any CPU.Build.0 = Release|Any CPU
		{5C3F2FF4-9D93-45BE-8DA2-294A9EBD2A24}.Release|x64.ActiveCfg = Release|x64
		{5C3F2FF4-9D93-45BE-8DA2-294A9EBD2A24}.Release|x64.Build.0 = Release|x64
	EndGlobalSection
	GlobalSection(SolutionProperties) = preSolution
		HideSolutionNode = FALSE
	EndGlobalSection
	GlobalSection(ExtensibilityGlobals) = postSolution
		SolutionGuid = {5FE825DE-062A-4A89-B7A2-4BBD86E6D43A}
	EndGlobalSection
EndGlobal
